{
    "_readme": [
        "This file locks the dependencies of your project to a known state",
        "Read more about it at https://getcomposer.org/doc/01-basic-usage.md#installing-dependencies",
        "This file is @generated automatically"
    ],
    "content-hash": "76d966ec95a7c9bb7a107aec14ddbc9e",
    "packages": [
        {
            "name": "claviska/simpleimage",
            "version": "4.2.1",
            "source": {
                "type": "git",
                "url": "https://github.com/claviska/SimpleImage.git",
                "reference": "ec6d5021e5a7153a2520d64c59b86b6f3c4157c5"
            },
            "dist": {
                "type": "zip",
                "url": "https://api.github.com/repos/claviska/SimpleImage/zipball/ec6d5021e5a7153a2520d64c59b86b6f3c4157c5",
                "reference": "ec6d5021e5a7153a2520d64c59b86b6f3c4157c5",
                "shasum": ""
            },
            "require": {
                "ext-gd": "*",
                "league/color-extractor": "0.4.*",
                "php": ">=8.0"
            },
            "require-dev": {
                "laravel/pint": "^1.5",
                "phpstan/phpstan": "^1.10"
            },
            "type": "library",
            "autoload": {
                "psr-0": {
                    "claviska": "src/"
                }
            },
            "notification-url": "https://packagist.org/downloads/",
            "license": [
                "MIT"
            ],
            "authors": [
                {
                    "name": "Cory LaViska",
                    "homepage": "http://www.abeautifulsite.net/",
                    "role": "Developer"
                }
            ],
            "description": "A PHP class that makes working with images as simple as possible.",
            "support": {
                "issues": "https://github.com/claviska/SimpleImage/issues",
                "source": "https://github.com/claviska/SimpleImage/tree/4.2.1"
            },
            "funding": [
                {
                    "url": "https://github.com/claviska",
                    "type": "github"
                }
            ],
            "time": "2024-11-22T13:25:03+00:00"
        },
        {
            "name": "irrevion/science",
            "version": "0.0.5",
            "source": {
                "type": "git",
                "url": "https://github.com/irrevion/science.git",
                "reference": "7b0993da3e070ccd3ab46ae64e11241ab03269c7"
            },
            "dist": {
                "type": "zip",
                "url": "https://api.github.com/repos/irrevion/science/zipball/7b0993da3e070ccd3ab46ae64e11241ab03269c7",
                "reference": "7b0993da3e070ccd3ab46ae64e11241ab03269c7",
                "shasum": ""
            },
            "require": {
                "php": ">=8.1"
            },
            "type": "library",
            "autoload": {
                "psr-4": {
                    "irrevion\\science\\": "src/"
                }
            },
            "notification-url": "https://packagist.org/downloads/",
            "license": [
                "MIT"
            ],
            "authors": [
                {
                    "name": "Valentin Belousov",
                    "email": "irrevion@gmail.com"
                }
            ],
            "description": "PHP library for extended mathematical operations",
            "homepage": "https://github.com/irrevion/science/",
            "keywords": [
                "compex-numbers",
                "linear-algebra",
                "math",
                "matrix",
                "physics",
                "quaternion",
                "science",
                "units-converter",
                "vector"
            ],
            "support": {
                "issues": "https://github.com/irrevion/science/issues",
                "source": "https://github.com/irrevion/science/tree/v0.0.5"
            },
            "time": "2024-01-23T22:05:06+00:00"
        },
        {
            "name": "league/color-extractor",
            "version": "0.4.0",
            "source": {
                "type": "git",
                "url": "https://github.com/thephpleague/color-extractor.git",
                "reference": "21fcac6249c5ef7d00eb83e128743ee6678fe505"
            },
            "dist": {
                "type": "zip",
                "url": "https://api.github.com/repos/thephpleague/color-extractor/zipball/21fcac6249c5ef7d00eb83e128743ee6678fe505",
                "reference": "21fcac6249c5ef7d00eb83e128743ee6678fe505",
                "shasum": ""
            },
            "require": {
                "ext-gd": "*",
                "php": "^7.3 || ^8.0"
            },
            "replace": {
                "matthecat/colorextractor": "*"
            },
            "require-dev": {
                "friendsofphp/php-cs-fixer": "~2",
                "phpunit/phpunit": "^9.5"
            },
            "suggest": {
                "ext-curl": "To download images from remote URLs if allow_url_fopen is disabled for security reasons"
            },
            "type": "library",
            "autoload": {
                "psr-4": {
                    "League\\ColorExtractor\\": "src"
                }
            },
            "notification-url": "https://packagist.org/downloads/",
            "license": [
                "MIT"
            ],
            "authors": [
                {
                    "name": "Mathieu Lechat",
                    "email": "math.lechat@gmail.com",
                    "homepage": "http://matthecat.com",
                    "role": "Developer"
                }
            ],
            "description": "Extract colors from an image as a human would do.",
            "homepage": "https://github.com/thephpleague/color-extractor",
            "keywords": [
                "color",
                "extract",
                "human",
                "image",
                "palette"
            ],
            "support": {
                "issues": "https://github.com/thephpleague/color-extractor/issues",
                "source": "https://github.com/thephpleague/color-extractor/tree/0.4.0"
            },
            "time": "2022-09-24T15:57:16+00:00"
        }
    ],
    "packages-dev": [],
    "aliases": [],
    "minimum-stability": "stable",
    "stability-flags": {},
    "prefer-stable": false,
    "prefer-lowest": false,
    "platform": {},
    "platform-dev": {},
    "plugin-api-version": "2.6.0"
}
