{
    "_readme": [
        "This file locks the dependencies of your project to a known state",
        "Read more about it at https://getcomposer.org/doc/01-basic-usage.md#installing-dependencies",
        "This file is @generated automatically"
    ],
    "content-hash": "6263a249b9a6321ee4c9ca994c451ba9",
    "packages": [
        {
            "name": "claviska/simpleimage",
            "version": "4.2.1",
            "source": {
                "type": "git",
                "url": "https://github.com/claviska/SimpleImage.git",
                "reference": "ec6d5021e5a7153a2520d64c59b86b6f3c4157c5"
            },
            "dist": {
                "type": "zip",
                "url": "https://api.github.com/repos/claviska/SimpleImage/zipball/ec6d5021e5a7153a2520d64c59b86b6f3c4157c5",
                "reference": "ec6d5021e5a7153a2520d64c59b86b6f3c4157c5",
                "shasum": ""
            },
            "require": {
                "ext-gd": "*",
                "league/color-extractor": "0.4.*",
                "php": ">=8.0"
            },
            "require-dev": {
                "laravel/pint": "^1.5",
                "phpstan/phpstan": "^1.10"
            },
            "type": "library",
            "autoload": {
                "psr-0": {
                    "claviska": "src/"
                }
            },
            "notification-url": "https://packagist.org/downloads/",
            "license": [
                "MIT"
            ],
            "authors": [
                {
                    "name": "Cory LaViska",
                    "homepage": "http://www.abeautifulsite.net/",
                    "role": "Developer"
                }
            ],
            "description": "A PHP class that makes working with images as simple as possible.",
            "support": {
                "issues": "https://github.com/claviska/SimpleImage/issues",
                "source": "https://github.com/claviska/SimpleImage/tree/4.2.1"
            },
            "funding": [
                {
                    "url": "https://github.com/claviska",
                    "type": "github"
                }
            ],
            "time": "2024-11-22T13:25:03+00:00"
        },
        {
            "name": "irrevion/science",
            "version": "dev-main",
            "source": {
                "type": "git",
                "url": "https://github.com/irrevion/science.git",
                "reference": "45dab8c359e22be47321e9a1e218e0a3cdcb4e97"
            },
            "dist": {
                "type": "zip",
                "url": "https://api.github.com/repos/irrevion/science/zipball/45dab8c359e22be47321e9a1e218e0a3cdcb4e97",
                "reference": "45dab8c359e22be47321e9a1e218e0a3cdcb4e97",
                "shasum": ""
            },
            "require": {
                "php": ">=8.1"
            },
            "default-branch": true,
            "type": "library",
            "autoload": {
                "psr-4": {
                    "irrevion\\science\\": "src/"
                }
            },
            "notification-url": "https://packagist.org/downloads/",
            "license": [
                "MIT"
            ],
            "authors": [
                {
                    "name": "Valentin Belousov",
                    "email": "irrevion@gmail.com"
                }
            ],
            "description": "PHP library for extended mathematical operations",
            "homepage": "https://github.com/irrevion/science/",
            "keywords": [
                "compex-numbers",
                "linear-algebra",
                "math",
                "matrix",
                "physics",
                "quaternion",
                "science",
                "units-converter",
                "vector"
            ],
            "support": {
                "issues": "https://github.com/irrevion/science/issues",
                "source": "https://github.com/irrevion/science/tree/main"
            },
            "time": "2025-01-03T23:07:24+00:00"
        },
        {
            "name": "league/color-extractor",
            "version": "0.4.0",
            "source": {
                "type": "git",
                "url": "https://github.com/thephpleague/color-extractor.git",
                "reference": "21fcac6249c5ef7d00eb83e128743ee6678fe505"
            },
            "dist": {
                "type": "zip",
                "url": "https://api.github.com/repos/thephpleague/color-extractor/zipball/21fcac6249c5ef7d00eb83e128743ee6678fe505",
                "reference": "21fcac6249c5ef7d00eb83e128743ee6678fe505",
                "shasum": ""
            },
            "require": {
                "ext-gd": "*",
                "php": "^7.3 || ^8.0"
            },
            "replace": {
                "matthecat/colorextractor": "*"
            },
            "require-dev": {
                "friendsofphp/php-cs-fixer": "~2",
                "phpunit/phpunit": "^9.5"
            },
            "suggest": {
                "ext-curl": "To download images from remote URLs if allow_url_fopen is disabled for security reasons"
            },
            "type": "library",
            "autoload": {
                "psr-4": {
                    "League\\ColorExtractor\\": "src"
                }
            },
            "notification-url": "https://packagist.org/downloads/",
            "license": [
                "MIT"
            ],
            "authors": [
                {
                    "name": "Mathieu Lechat",
                    "email": "math.lechat@gmail.com",
                    "homepage": "http://matthecat.com",
                    "role": "Developer"
                }
            ],
            "description": "Extract colors from an image as a human would do.",
            "homepage": "https://github.com/thephpleague/color-extractor",
            "keywords": [
                "color",
                "extract",
                "human",
                "image",
                "palette"
            ],
            "support": {
                "issues": "https://github.com/thephpleague/color-extractor/issues",
                "source": "https://github.com/thephpleague/color-extractor/tree/0.4.0"
            },
            "time": "2022-09-24T15:57:16+00:00"
        }
    ],
    "packages-dev": [
        {
            "name": "phpstan/phpstan",
            "version": "2.1.2",
            "source": {
                "type": "git",
                "url": "https://github.com/phpstan/phpstan.git",
                "reference": "7d08f569e582ade182a375c366cbd896eccadd3a"
            },
            "dist": {
                "type": "zip",
                "url": "https://api.github.com/repos/phpstan/phpstan/zipball/7d08f569e582ade182a375c366cbd896eccadd3a",
                "reference": "7d08f569e582ade182a375c366cbd896eccadd3a",
                "shasum": ""
            },
            "require": {
                "php": "^7.4|^8.0"
            },
            "conflict": {
                "phpstan/phpstan-shim": "*"
            },
            "bin": [
                "phpstan",
                "phpstan.phar"
            ],
            "type": "library",
            "autoload": {
                "files": [
                    "bootstrap.php"
                ]
            },
            "notification-url": "https://packagist.org/downloads/",
            "license": [
                "MIT"
            ],
            "description": "PHPStan - PHP Static Analysis Tool",
            "keywords": [
                "dev",
                "static analysis"
            ],
            "support": {
                "docs": "https://phpstan.org/user-guide/getting-started",
                "forum": "https://github.com/phpstan/phpstan/discussions",
                "issues": "https://github.com/phpstan/phpstan/issues",
                "security": "https://github.com/phpstan/phpstan/security/policy",
                "source": "https://github.com/phpstan/phpstan-src"
            },
            "funding": [
                {
                    "url": "https://github.com/ondrejmirtes",
                    "type": "github"
                },
                {
                    "url": "https://github.com/phpstan",
                    "type": "github"
                }
            ],
            "time": "2025-01-21T14:54:06+00:00"
        }
    ],
    "aliases": [],
    "minimum-stability": "stable",
    "stability-flags": {
        "irrevion/science": 20
    },
    "prefer-stable": false,
    "prefer-lowest": false,
    "platform": {
        "php": "^8.4"
    },
    "platform-dev": {},
    "platform-overrides": {
        "php": "8.4"
    },
    "plugin-api-version": "2.6.0"
}
